
Microsoft Visual Studio Solution File, Format Version 12.00
# Visual Studio 15
Project("{FAE04EC0-301F-11D3-BF4B-00C04F79EFBC}") = "Assembly-CSharp", "Assembly-CSharp.csproj", "{CF2236E6-A83D-5E76-39FC-8F1439E3DF4C}"
EndProject
Project("{FAE04EC0-301F-11D3-BF4B-00C04F79EFBC}") = "Assembly-CSharp-Editor", "Assembly-CSharp-Editor.csproj", "{44B2465B-B01D-7134-A993-E24C3FBDA7DC}"
EndProject
Global
	GlobalSection(SolutionConfigurationPlatforms) = preSolution
		Debug|Any CPU = Debug|Any CPU
		Release|Any CPU = Release|Any CPU
	EndGlobalSection
	GlobalSection(ProjectConfigurationPlatforms) = postSolution
		{CF2236E6-A83D-5E76-39FC-8F1439E3DF4C}.Debug|Any CPU.ActiveCfg = Debug|Any CPU
		{CF2236E6-A83D-5E76-39FC-8F1439E3DF4C}.Debug|Any CPU.Build.0 = Debug|Any CPU
		{CF2236E6-A83D-5E76-39FC-8F1439E3DF4C}.Release|Any CPU.ActiveCfg = Release|Any CPU
		{CF2236E6-A83D-5E76-39FC-8F1439E3DF4C}.Release|Any CPU.Build.0 = Release|Any CPU
		{44B2465B-B01D-7134-A993-E24C3FBDA7DC}.Debug|Any CPU.ActiveCfg = Debug|Any CPU
		{44B2465B-B01D-7134-A993-E24C3FBDA7DC}.Debug|Any CPU.Build.0 = Debug|Any CPU
		{44B2465B-B01D-7134-A993-E24C3FBDA7DC}.Release|Any CPU.ActiveCfg = Release|Any CPU
		{44B2465B-B01D-7134-A993-E24C3FBDA7DC}.Release|Any CPU.Build.0 = Release|Any CPU
	EndGlobalSection
	GlobalSection(SolutionProperties) = preSolution
		HideSolutionNode = FALSE
	EndGlobalSection
EndGlobal
